Microsoft Visual Studio Solution File, Format Version 12.00
# Visual Studio Version 17
VisualStudioVersion = 17.0.31612.314
MinimumVisualStudioVersion = 10.0.40219.1
Project("{9A19103F-16F7-4668-BE54-9A1E7A4F7556}") = "MaterialDesignDemo", "MainDemo.Wpf\MaterialDesignDemo.csproj", "{CF0A27A8-EF82-44E5-B673-ECCC150C48ED}"
EndProject
Project("{9A19103F-16F7-4668-BE54-9A1E7A4F7556}") = "MaterialDesignThemes.Wpf", "MaterialDesignThemes.Wpf\MaterialDesignThemes.Wpf.csproj", "{F079FB0A-A8ED-4216-B6A5-345756751A04}"
EndProject
Project("{2150E333-8FDC-42A3-9474-1A3956D46DE8}") = "Demos", "Demos", "{D34BE232-DE51-43C1-ABDC-B69003BB50FF}"
EndProject
Project("{9A19103F-16F7-4668-BE54-9A1E7A4F7556}") = "MaterialDesignThemes.Wpf.Tests", "MaterialDesignThemes.Wpf.Tests\MaterialDesignThemes.Wpf.Tests.csproj", "{A361C80E-F6CD-4C57-A96C-002DB159C1F4}"
EndProject
Project("{2150E333-8FDC-42A3-9474-1A3956D46DE8}") = "Solution Items", "Solution Items", "{55087897-5F09-45CA-8E12-12B36B45F262}"
	ProjectSection(SolutionItems) = preProject
		.editorconfig = .editorconfig
		Directory.Build.props = Directory.Build.props
		Directory.Build.targets = Directory.Build.targets
		Directory.packages.props = Directory.packages.props
		.config\dotnet-tools.json = .config\dotnet-tools.json
		global.json = global.json
		nuget.config = nuget.config
		README.md = README.md
		Settings.XAMLStyler = Settings.XAMLStyler
	EndProjectSection
EndProject
Project("{9A19103F-16F7-4668-BE54-9A1E7A4F7556}") = "MaterialDesign3Demo", "MaterialDesign3.Demo.Wpf\MaterialDesign3Demo.csproj", "{98627CBE-F009-482E-97E9-C69C7135E91F}"
EndProject
Global
	GlobalSection(SolutionConfigurationPlatforms) = preSolution
		Debug|Any CPU = Debug|Any CPU
		Debug|ARM = Debug|ARM
		Debug|x64 = Debug|x64
		Debug|x86 = Debug|x86
		Release|Any CPU = Release|Any CPU
		Release|ARM = Release|ARM
		Release|x64 = Release|x64
		Release|x86 = Release|x86
	EndGlobalSection
	GlobalSection(ProjectConfigurationPlatforms) = postSolution
		{CF0A27A8-EF82-44E5-B673-ECCC150C48ED}.Debug|Any CPU.ActiveCfg = Debug|Any CPU
		{CF0A27A8-EF82-44E5-B673-ECCC150C48ED}.Debug|Any CPU.Build.0 = Debug|Any CPU
		{CF0A27A8-EF82-44E5-B673-ECCC150C48ED}.Debug|ARM.ActiveCfg = Debug|Any CPU
		{CF0A27A8-EF82-44E5-B673-ECCC150C48ED}.Debug|ARM.Build.0 = Debug|Any CPU
		{CF0A27A8-EF82-44E5-B673-ECCC150C48ED}.Debug|x64.ActiveCfg = Debug|Any CPU
		{CF0A27A8-EF82-44E5-B673-ECCC150C48ED}.Debug|x64.Build.0 = Debug|Any CPU
		{CF0A27A8-EF82-44E5-B673-ECCC150C48ED}.Debug|x86.ActiveCfg = Debug|Any CPU
		{CF0A27A8-EF82-44E5-B673-ECCC150C48ED}.Debug|x86.Build.0 = Debug|Any CPU
		{CF0A27A8-EF82-44E5-B673-ECCC150C48ED}.Release|Any CPU.ActiveCfg = Release|Any CPU
		{CF0A27A8-EF82-44E5-B673-ECCC150C48ED}.Release|Any CPU.Build.0 = Release|Any CPU
		{CF0A27A8-EF82-44E5-B673-ECCC150C48ED}.Release|ARM.ActiveCfg = Release|Any CPU
		{CF0A27A8-EF82-44E5-B673-ECCC150C48ED}.Release|ARM.Build.0 = Release|Any CPU
		{CF0A27A8-EF82-44E5-B673-ECCC150C48ED}.Release|x64.ActiveCfg = Release|Any CPU
		{CF0A27A8-EF82-44E5-B673-ECCC150C48ED}.Release|x64.Build.0 = Release|Any CPU
		{CF0A27A8-EF82-44E5-B673-ECCC150C48ED}.Release|x86.ActiveCfg = Release|Any CPU
		{CF0A27A8-EF82-44E5-B673-ECCC150C48ED}.Release|x86.Build.0 = Release|Any CPU
		{F079FB0A-A8ED-4216-B6A5-345756751A04}.Debug|Any CPU.ActiveCfg = Debug|Any CPU
		{F079FB0A-A8ED-4216-B6A5-345756751A04}.Debug|Any CPU.Build.0 = Debug|Any CPU
		{F079FB0A-A8ED-4216-B6A5-345756751A04}.Debug|ARM.ActiveCfg = Debug|Any CPU
		{F079FB0A-A8ED-4216-B6A5-345756751A04}.Debug|ARM.Build.0 = Debug|Any CPU
		{F079FB0A-A8ED-4216-B6A5-345756751A04}.Debug|x64.ActiveCfg = Debug|Any CPU
		{F079FB0A-A8ED-4216-B6A5-345756751A04}.Debug|x64.Build.0 = Debug|Any CPU
		{F079FB0A-A8ED-4216-B6A5-345756751A04}.Debug|x86.ActiveCfg = Debug|Any CPU
		{F079FB0A-A8ED-4216-B6A5-345756751A04}.Debug|x86.Build.0 = Debug|Any CPU
		{F079FB0A-A8ED-4216-B6A5-345756751A04}.Release|Any CPU.ActiveCfg = Release|Any CPU
		{F079FB0A-A8ED-4216-B6A5-345756751A04}.Release|Any CPU.Build.0 = Release|Any CPU
		{F079FB0A-A8ED-4216-B6A5-345756751A04}.Release|ARM.ActiveCfg = Release|Any CPU
		{F079FB0A-A8ED-4216-B6A5-345756751A04}.Release|ARM.Build.0 = Release|Any CPU
		{F079FB0A-A8ED-4216-B6A5-345756751A04}.Release|x64.ActiveCfg = Release|Any CPU
		{F079FB0A-A8ED-4216-B6A5-345756751A04}.Release|x64.Build.0 = Release|Any CPU
		{F079FB0A-A8ED-4216-B6A5-345756751A04}.Release|x86.ActiveCfg = Release|Any CPU
		{F079FB0A-A8ED-4216-B6A5-345756751A04}.Release|x86.Build.0 = Release|Any CPU
		{A361C80E-F6CD-4C57-A96C-002DB159C1F4}.Debug|Any CPU.ActiveCfg = Debug|Any CPU
		{A361C80E-F6CD-4C57-A96C-002DB159C1F4}.Debug|Any CPU.Build.0 = Debug|Any CPU
		{A361C80E-F6CD-4C57-A96C-002DB159C1F4}.Debug|ARM.ActiveCfg = Debug|Any CPU
		{A361C80E-F6CD-4C57-A96C-002DB159C1F4}.Debug|ARM.Build.0 = Debug|Any CPU
		{A361C80E-F6CD-4C57-A96C-002DB159C1F4}.Debug|x64.ActiveCfg = Debug|Any CPU
		{A361C80E-F6CD-4C57-A96C-002DB159C1F4}.Debug|x64.Build.0 = Debug|Any CPU
		{A361C80E-F6CD-4C57-A96C-002DB159C1F4}.Debug|x86.ActiveCfg = Debug|Any CPU
		{A361C80E-F6CD-4C57-A96C-002DB159C1F4}.Debug|x86.Build.0 = Debug|Any CPU
		{A361C80E-F6CD-4C57-A96C-002DB159C1F4}.Release|Any CPU.ActiveCfg = Release|Any CPU
		{A361C80E-F6CD-4C57-A96C-002DB159C1F4}.Release|Any CPU.Build.0 = Release|Any CPU
		{A361C80E-F6CD-4C57-A96C-002DB159C1F4}.Release|ARM.ActiveCfg = Release|Any CPU
		{A361C80E-F6CD-4C57-A96C-002DB159C1F4}.Release|ARM.Build.0 = Release|Any CPU
		{A361C80E-F6CD-4C57-A96C-002DB159C1F4}.Release|x64.ActiveCfg = Release|Any CPU
		{A361C80E-F6CD-4C57-A96C-002DB159C1F4}.Release|x64.Build.0 = Release|Any CPU
		{A361C80E-F6CD-4C57-A96C-002DB159C1F4}.Release|x86.ActiveCfg = Release|Any CPU
		{A361C80E-F6CD-4C57-A96C-002DB159C1F4}.Release|x86.Build.0 = Release|Any CPU
		{98627CBE-F009-482E-97E9-C69C7135E91F}.Debug|Any CPU.ActiveCfg = Debug|Any CPU
		{98627CBE-F009-482E-97E9-C69C7135E91F}.Debug|Any CPU.Build.0 = Debug|Any CPU
		{98627CBE-F009-482E-97E9-C69C7135E91F}.Debug|ARM.ActiveCfg = Debug|Any CPU
		{98627CBE-F009-482E-97E9-C69C7135E91F}.Debug|ARM.Build.0 = Debug|Any CPU
		{98627CBE-F009-482E-97E9-C69C7135E91F}.Debug|x64.ActiveCfg = Debug|Any CPU
		{98627CBE-F009-482E-97E9-C69C7135E91F}.Debug|x64.Build.0 = Debug|Any CPU
		{98627CBE-F009-482E-97E9-C69C7135E91F}.Debug|x86.ActiveCfg = Debug|Any CPU
		{98627CBE-F009-482E-97E9-C69C7135E91F}.Debug|x86.Build.0 = Debug|Any CPU
		{98627CBE-F009-482E-97E9-C69C7135E91F}.Release|Any CPU.ActiveCfg = Release|Any CPU
		{98627CBE-F009-482E-97E9-C69C7135E91F}.Release|Any CPU.Build.0 = Release|Any CPU
		{98627CBE-F009-482E-97E9-C69C7135E91F}.Release|ARM.ActiveCfg = Release|Any CPU
		{98627CBE-F009-482E-97E9-C69C7135E91F}.Release|ARM.Build.0 = Release|Any CPU
		{98627CBE-F009-482E-97E9-C69C7135E91F}.Release|x64.ActiveCfg = Release|Any CPU
		{98627CBE-F009-482E-97E9-C69C7135E91F}.Release|x64.Build.0 = Release|Any CPU
		{98627CBE-F009-482E-97E9-C69C7135E91F}.Release|x86.ActiveCfg = Release|Any CPU
		{98627CBE-F009-482E-97E9-C69C7135E91F}.Release|x86.Build.0 = Release|Any CPU
	EndGlobalSection
	GlobalSection(SolutionProperties) = preSolution
		HideSolutionNode = FALSE
	EndGlobalSection
	GlobalSection(NestedProjects) = preSolution
		{CF0A27A8-EF82-44E5-B673-ECCC150C48ED} = {D34BE232-DE51-43C1-ABDC-B69003BB50FF}
		{98627CBE-F009-482E-97E9-C69C7135E91F} = {D34BE232-DE51-43C1-ABDC-B69003BB50FF}
	EndGlobalSection
	GlobalSection(ExtensibilityGlobals) = postSolution
		SolutionGuid = {730B2F9E-74AE-46CE-9E61-89AA5C6D5DD3}
	EndGlobalSection
EndGlobal
